// !$*UTF8*$!
{
	archiveVersion = 1;
	classes = {
	};
	objectVersion = 63;
	objects = {

/* Begin PBXBuildFile section */
		037C2EC36038748A007836E6 /* QuotaEngineRunLoopTests.swift in Sources */ = {isa = PBXBuildFile; fileRef = A477064C7DA7510D89D89717 /* QuotaEngineRunLoopTests.swift */; };
		093E54E3C0A343E7B35AC0DE /* SecondaryQuotaView.swift in Sources */ = {isa = PBXBuildFile; fileRef = E8D463EFDC164E6E8A3E8D48 /* SecondaryQuotaView.swift */; };
		10059F50738148B98E3A8B91 /* HeaderView.swift in Sources */ = {isa = PBXBuildFile; fileRef = 13020F9E19D446CD962EE97A /* HeaderView.swift */; };
		174575AEECD4D9FFDBDA18EF /* AppConstants.swift in Sources */ = {isa = PBXBuildFile; fileRef = 3975009681D07503388A7700 /* AppConstants.swift */; };
		17728FD1C102DD0FA087EB19 /* TimeFormatter.swift in Sources */ = {isa = PBXBuildFile; fileRef = 562BAE5AE690A4D7CE483938 /* TimeFormatter.swift */; };
		20071470962310EFA91B7B87 /* ResetNotifierTests.swift in Sources */ = {isa = PBXBuildFile; fileRef = 54272FFC187B1C069D65EB9E /* ResetNotifierTests.swift */; };
		20C327694551A526DC696074 /* TimeFormatterTests.swift in Sources */ = {isa = PBXBuildFile; fileRef = 98C9158286A96E0D12EF1C6D /* TimeFormatterTests.swift */; };
		2A7873B7F1474DD6BD162EB6 /* OnboardingView.swift in Sources */ = {isa = PBXBuildFile; fileRef = 4F8E7C3FF5FA421EA04A464F /* OnboardingView.swift */; };
		2B3C4D5E6F7890ABCDEF0123 /* AppSettingsTests.swift in Sources */ = {isa = PBXBuildFile; fileRef = 9A1B2C3D4E5F67890ABCDEF /* AppSettingsTests.swift */; };
		2DE7AA584A85EA6F2B731A89 /* QuotaEngineBackoffTests.swift in Sources */ = {isa = PBXBuildFile; fileRef = CBFD2DDB6217F8310475BF29 /* QuotaEngineBackoffTests.swift */; };
		30BFE1620316C507038F55DC /* NotificationManagerTests.swift in Sources */ = {isa = PBXBuildFile; fileRef = 9492FC5BAA382C1A54B2143A /* NotificationManagerTests.swift */; };
		3416C08343FA3571C0DA3E16 /* NotificationManager.swift in Sources */ = {isa = PBXBuildFile; fileRef = 3D0CC56CD9E6B0EAF94CBD7D /* NotificationManager.swift */; };
		3AD03AAF39EAF58AA6D6AEF7 /* EngineStateTests.swift in Sources */ = {isa = PBXBuildFile; fileRef = B6740B4863A79219FF9807EE /* EngineStateTests.swift */; };
		3B5D6E8F9A0B1234C5D6E78F /* MenuBarController.swift in Sources */ = {isa = PBXBuildFile; fileRef = 7A9B2C3D4E5F67890ABCDEF12 /* MenuBarController.swift */; };
		3B5D6E8F9A0B1234C5D6E790 /* MenuBarDonutIcon.swift in Sources */ = {isa = PBXBuildFile; fileRef = 7A9B2C3D4E5F67890ABCDEF13 /* MenuBarDonutIcon.swift */; };
		3C4D5E6F7890ABCDEF01234A /* ColorExtensionsTests.swift in Sources */ = {isa = PBXBuildFile; fileRef = 1A2B3C4D5E6F7890ABCDEF01 /* ColorExtensionsTests.swift */; };
		D1E2F3A4B5C6D7E8F9012345 /* MenuBarDonutIconTests.swift in Sources */ = {isa = PBXBuildFile; fileRef = D1E2F3A4B5C6D7E8F9012346 /* MenuBarDonutIconTests.swift */; };
		4A5B6C7D8E9F0A1B2C3D4E5F6 /* AppDelegate.swift in Sources */ = {isa = PBXBuildFile; fileRef = 1A2B3C4D5E6F7890ABCDEF02 /* AppDelegate.swift */; };
		4B06086F20DE6659FCA2227B /* QuotaWatchApp.swift in Sources */ = {isa = PBXBuildFile; fileRef = D876A7EE8D651909AD6EEF61 /* QuotaWatchApp.swift */; };
		513FEF2F84F31AC0C9F7DABF /* MockProvider.swift in Sources */ = {isa = PBXBuildFile; fileRef = 7224E17B2A0B81D84F3FF33D /* MockProvider.swift */; };
		54DD8D9906BD04C481A141E6 /* PersistenceManager.swift in Sources */ = {isa = PBXBuildFile; fileRef = 5CE1D301D0A84ACF4002B3AE /* PersistenceManager.swift */; };
		5C6D7E8F9A0B1234C5D6E790 /* MenuBarPopupView.swift in Sources */ = {isa = PBXBuildFile; fileRef = 4A5B6C7D8E9F0A1B2C3D4E5A /* MenuBarPopupView.swift */; };
		6221E99F3E5B44E6B36FAC66 /* StatusView.swift in Sources */ = {isa = PBXBuildFile; fileRef = 361194A1220C4490AFEF48D8 /* StatusView.swift */; };
		6279EC9AB819F8F9EABD8759 /* KeychainStore.swift in Sources */ = {isa = PBXBuildFile; fileRef = E34F5DB67BDD636763F2A294 /* KeychainStore.swift */; };
		63D5620D540147B2B7952B28 /* ActionsView.swift in Sources */ = {isa = PBXBuildFile; fileRef = 0D4508D7D30A4879896F5DEF /* ActionsView.swift */; };
		69A579C33B0B43A28C4B1334 /* OnboardingManager.swift in Sources */ = {isa = PBXBuildFile; fileRef = 10BC8ADB3B184850B8C31BE4 /* OnboardingManager.swift */; };
		6A84EBA5771278B4B94B0D56 /* PersistenceManagerTests.swift in Sources */ = {isa = PBXBuildFile; fileRef = 6FD7A1E13AC807A355D8CE5A /* PersistenceManagerTests.swift */; };
		6AAFC47F2F1E277A00A022F2 /* EdgeCaseIntegrationTests.swift in Sources */ = {isa = PBXBuildFile; fileRef = 6AAFC47C2F1E277A00A022F2 /* EdgeCaseIntegrationTests.swift */; };
		6AAFC4802F1E277A00A022F2 /* SleepWakeIntegrationTests.swift in Sources */ = {isa = PBXBuildFile; fileRef = 6AAFC47D2F1E277A00A022F2 /* SleepWakeIntegrationTests.swift */; };
		6B7B5A1CE785E84BCE718B7D /* UsageSnapshotTests.swift in Sources */ = {isa = PBXBuildFile; fileRef = D70A7DDA3CB92446D2C299C2 /* UsageSnapshotTests.swift */; };
		6C839FAA4328E0139ED459D2 /* BackoffDecision.swift in Sources */ = {isa = PBXBuildFile; fileRef = B84EC1BAEA92871ACC4886F5 /* BackoffDecision.swift */; };
		6F378D55F6655927CF239C91 /* Assets.xcassets in Resources */ = {isa = PBXBuildFile; fileRef = 4D7D094C9F4D41317224B398 /* Assets.xcassets */; };
		74ED01155E589D54C90582C8 /* Provider.swift in Sources */ = {isa = PBXBuildFile; fileRef = 5F2B18E2AABE4513981EDF0B /* Provider.swift */; };
		80F8FF73E83FD09A37C5A573 /* QuotaEngine.swift in Sources */ = {isa = PBXBuildFile; fileRef = EF4BDB131EA8F90042AA88B0 /* QuotaEngine.swift */; };
		8ECACE80223F460DB8F9FE02 /* PrimaryQuotaView.swift in Sources */ = {isa = PBXBuildFile; fileRef = 83E965985994437FAE92563C /* PrimaryQuotaView.swift */; };
		A12DFD6E675B04EE1C07EAD1 /* ProviderError.swift in Sources */ = {isa = PBXBuildFile; fileRef = 5859B5E242756C194F88349C /* ProviderError.swift */; };
		A2C7F17388522E37E438A361 /* AppStateTests.swift in Sources */ = {isa = PBXBuildFile; fileRef = 448E3DE91DB622191DA7A505 /* AppStateTests.swift */; };
		A39D5D0F3A2740778CE0AD65 /* SettingsView.swift in Sources */ = {isa = PBXBuildFile; fileRef = A548E70E2C864393B57BB96E /* SettingsView.swift */; };
		A444AC373B13252291BBDCD2 /* UsageSnapshot.swift in Sources */ = {isa = PBXBuildFile; fileRef = A8E7010C302908F9B1559BBD /* UsageSnapshot.swift */; };
		A8AFBD7E3A881A115633524B /* ContentViewModelTests.swift in Sources */ = {isa = PBXBuildFile; fileRef = F640ED5CE98794ECBC416955 /* ContentViewModelTests.swift */; };
		B2A7E8F4C3D145A9E8F6D7A1 /* ColorExtensions.swift in Sources */ = {isa = PBXBuildFile; fileRef = C3B8D9E5F4A617289C4D5E63 /* ColorExtensions.swift */; };
		B730C1C7BB2D45DAA7C08072 /* ContentViewModel.swift in Sources */ = {isa = PBXBuildFile; fileRef = 31A47F912A225F350900501F /* ContentViewModel.swift */; };
		B8323BA6EE748A7975845E13 /* ResetNotifier.swift in Sources */ = {isa = PBXBuildFile; fileRef = B064591AAE2355CCA319412F /* ResetNotifier.swift */; };
		C242F9709ACF4B3F8A7645BC /* LoggerManager.swift in Sources */ = {isa = PBXBuildFile; fileRef = 86AD3A993D554B4CB5E28B69 /* LoggerManager.swift */; };
		CF96AE2DE03C4518AD389F68 /* AppSettings.swift in Sources */ = {isa = PBXBuildFile; fileRef = 2E2899782C5B4676B50BB2D8 /* AppSettings.swift */; };
		D640CCB932A9153444DFDC7A /* ZaiProvider.swift in Sources */ = {isa = PBXBuildFile; fileRef = 95530C2AB237DCD923169121 /* ZaiProvider.swift */; };
		E6ECD1333158E07B12105BC1 /* ZaiProviderTests.swift in Sources */ = {isa = PBXBuildFile; fileRef = 03084E81161F967B5B48ED5E /* ZaiProviderTests.swift */; };
		E820B42A116A435481D3F308F1913065 /* APIKeySettingsSheet.swift in Sources */ = {isa = PBXBuildFile; fileRef = 0B1681A9E15047A7A927D11A1637FACB /* APIKeySettingsSheet.swift */; };
		E8952BC0E4454C3AA4C082BF /* QuotaGauge.swift in Sources */ = {isa = PBXBuildFile; fileRef = 714AF4121F8B4680B9592EE2 /* QuotaGauge.swift */; };
		EEBD9834915593F61EC0CE26 /* KeychainStoreTests.swift in Sources */ = {isa = PBXBuildFile; fileRef = 72BB3FC6F6B1CE1A587A75A7 /* KeychainStoreTests.swift */; };
		F349A5EC8CAE5FD78063E38B /* AppState.swift in Sources */ = {isa = PBXBuildFile; fileRef = 9A0FF71040DBDFAF8CEDEAC2 /* AppState.swift */; };
		F8A1B2C3D4E5F67890ABCDEF0 /* DebugLogger.swift in Sources */ = {isa = PBXBuildFile; fileRef = F8A1B2C3D4E5F67890ABCDEF /* DebugLogger.swift */; };
		F9A1B2C3D4E5F67890ABCDEF01 /* QuotaEngineEvent.swift in Sources */ = {isa = PBXBuildFile; fileRef = F9A1B2C3D4E5F67890ABCDEF0 /* QuotaEngineEvent.swift */; };
		FB57CEF1224A44DC1B5B9A52 /* MockQuotaEngine.swift in Sources */ = {isa = PBXBuildFile; fileRef = A94D7B4630B5FE77C49638C6 /* MockQuotaEngine.swift */; };
/* End PBXBuildFile section */

/* Begin PBXContainerItemProxy section */
		09D096AA1AFF612E1B07B349 /* PBXContainerItemProxy */ = {
			isa = PBXContainerItemProxy;
			containerPortal = 948511F7189E30A08069054F /* Project object */;
			proxyType = 1;
			remoteGlobalIDString = 17B498EB577962CEF891DE5C;
			remoteInfo = QuotaWatch;
		};
/* End PBXContainerItemProxy section */

/* Begin PBXFileReference section */
		03084E81161F967B5B48ED5E /* ZaiProviderTests.swift */ = {isa = PBXFileReference; lastKnownFileType = sourcecode.swift; path = ZaiProviderTests.swift; sourceTree = "<group>"; };
		0B1681A9E15047A7A927D11A1637FACB /* APIKeySettingsSheet.swift */ = {isa = PBXFileReference; lastKnownFileType = sourcecode.swift; path = APIKeySettingsSheet.swift; sourceTree = "<group>"; };
		0D4508D7D30A4879896F5DEF /* ActionsView.swift */ = {isa = PBXFileReference; lastKnownFileType = sourcecode.swift; path = ActionsView.swift; sourceTree = "<group>"; };
		0FA39B39C6BE30DFB3643E8F /* Info.plist */ = {isa = PBXFileReference; lastKnownFileType = text.plist; path = Info.plist; sourceTree = "<group>"; };
		10BC8ADB3B184850B8C31BE4 /* OnboardingManager.swift */ = {isa = PBXFileReference; lastKnownFileType = sourcecode.swift; path = OnboardingManager.swift; sourceTree = "<group>"; };
		13020F9E19D446CD962EE97A /* HeaderView.swift */ = {isa = PBXFileReference; lastKnownFileType = sourcecode.swift; path = HeaderView.swift; sourceTree = "<group>"; };
		1A2B3C4D5E6F7890ABCDEF01 /* ColorExtensionsTests.swift */ = {isa = PBXFileReference; lastKnownFileType = sourcecode.swift; path = ColorExtensionsTests.swift; sourceTree = "<group>"; };
		D1E2F3A4B5C6D7E8F9012346 /* MenuBarDonutIconTests.swift */ = {isa = PBXFileReference; lastKnownFileType = sourcecode.swift; path = MenuBarDonutIconTests.swift; sourceTree = "<group>"; };
		1A2B3C4D5E6F7890ABCDEF02 /* AppDelegate.swift */ = {isa = PBXFileReference; lastKnownFileType = sourcecode.swift; path = AppDelegate.swift; sourceTree = "<group>"; };
		2E2899782C5B4676B50BB2D8 /* AppSettings.swift */ = {isa = PBXFileReference; lastKnownFileType = sourcecode.swift; path = AppSettings.swift; sourceTree = "<group>"; };
		31A47F912A225F350900501F /* ContentViewModel.swift */ = {isa = PBXFileReference; lastKnownFileType = sourcecode.swift; path = ContentViewModel.swift; sourceTree = "<group>"; };
		361194A1220C4490AFEF48D8 /* StatusView.swift */ = {isa = PBXFileReference; lastKnownFileType = sourcecode.swift; path = StatusView.swift; sourceTree = "<group>"; };
		3975009681D07503388A7700 /* AppConstants.swift */ = {isa = PBXFileReference; lastKnownFileType = sourcecode.swift; path = AppConstants.swift; sourceTree = "<group>"; };
		3D0CC56CD9E6B0EAF94CBD7D /* NotificationManager.swift */ = {isa = PBXFileReference; lastKnownFileType = sourcecode.swift; path = NotificationManager.swift; sourceTree = "<group>"; };
		448E3DE91DB622191DA7A505 /* AppStateTests.swift */ = {isa = PBXFileReference; lastKnownFileType = sourcecode.swift; path = AppStateTests.swift; sourceTree = "<group>"; };
		4A5B6C7D8E9F0A1B2C3D4E5A /* MenuBarPopupView.swift */ = {isa = PBXFileReference; lastKnownFileType = sourcecode.swift; path = MenuBarPopupView.swift; sourceTree = "<group>"; };
		4D7D094C9F4D41317224B398 /* Assets.xcassets */ = {isa = PBXFileReference; lastKnownFileType = folder.assetcatalog; path = Assets.xcassets; sourceTree = "<group>"; };
		4F8E7C3FF5FA421EA04A464F /* OnboardingView.swift */ = {isa = PBXFileReference; lastKnownFileType = sourcecode.swift; path = OnboardingView.swift; sourceTree = "<group>"; };
		54272FFC187B1C069D65EB9E /* ResetNotifierTests.swift */ = {isa = PBXFileReference; lastKnownFileType = sourcecode.swift; path = ResetNotifierTests.swift; sourceTree = "<group>"; };
		562BAE5AE690A4D7CE483938 /* TimeFormatter.swift */ = {isa = PBXFileReference; lastKnownFileType = sourcecode.swift; path = TimeFormatter.swift; sourceTree = "<group>"; };
		5859B5E242756C194F88349C /* ProviderError.swift */ = {isa = PBXFileReference; lastKnownFileType = sourcecode.swift; path = ProviderError.swift; sourceTree = "<group>"; };
		5CE1D301D0A84ACF4002B3AE /* PersistenceManager.swift */ = {isa = PBXFileReference; lastKnownFileType = sourcecode.swift; path = PersistenceManager.swift; sourceTree = "<group>"; };
		5F2B18E2AABE4513981EDF0B /* Provider.swift */ = {isa = PBXFileReference; lastKnownFileType = sourcecode.swift; path = Provider.swift; sourceTree = "<group>"; };
		6AAFC47C2F1E277A00A022F2 /* EdgeCaseIntegrationTests.swift */ = {isa = PBXFileReference; lastKnownFileType = sourcecode.swift; path = EdgeCaseIntegrationTests.swift; sourceTree = "<group>"; };
		6AAFC47D2F1E277A00A022F2 /* SleepWakeIntegrationTests.swift */ = {isa = PBXFileReference; lastKnownFileType = sourcecode.swift; path = SleepWakeIntegrationTests.swift; sourceTree = "<group>"; };
		6FD7A1E13AC807A355D8CE5A /* PersistenceManagerTests.swift */ = {isa = PBXFileReference; lastKnownFileType = sourcecode.swift; path = PersistenceManagerTests.swift; sourceTree = "<group>"; };
		714AF4121F8B4680B9592EE2 /* QuotaGauge.swift */ = {isa = PBXFileReference; lastKnownFileType = sourcecode.swift; path = QuotaGauge.swift; sourceTree = "<group>"; };
		7224E17B2A0B81D84F3FF33D /* MockProvider.swift */ = {isa = PBXFileReference; lastKnownFileType = sourcecode.swift; path = MockProvider.swift; sourceTree = "<group>"; };
		72BB3FC6F6B1CE1A587A75A7 /* KeychainStoreTests.swift */ = {isa = PBXFileReference; lastKnownFileType = sourcecode.swift; path = KeychainStoreTests.swift; sourceTree = "<group>"; };
		77AF032198079B03D6BAD5D8 /* Info.plist */ = {isa = PBXFileReference; lastKnownFileType = text.plist; path = Info.plist; sourceTree = "<group>"; };
		7A9B2C3D4E5F67890ABCDEF12 /* MenuBarController.swift */ = {isa = PBXFileReference; lastKnownFileType = sourcecode.swift; path = MenuBarController.swift; sourceTree = "<group>"; };
		7A9B2C3D4E5F67890ABCDEF13 /* MenuBarDonutIcon.swift */ = {isa = PBXFileReference; lastKnownFileType = sourcecode.swift; path = MenuBarDonutIcon.swift; sourceTree = "<group>"; };
		83E965985994437FAE92563C /* PrimaryQuotaView.swift */ = {isa = PBXFileReference; lastKnownFileType = sourcecode.swift; path = PrimaryQuotaView.swift; sourceTree = "<group>"; };
		86AD3A993D554B4CB5E28B69 /* LoggerManager.swift */ = {isa = PBXFileReference; lastKnownFileType = sourcecode.swift; path = LoggerManager.swift; sourceTree = "<group>"; };
		883076AE5C0DD6C6140D4E82 /* QuotaWatch.entitlements */ = {isa = PBXFileReference; lastKnownFileType = text.plist.entitlements; path = QuotaWatch.entitlements; sourceTree = "<group>"; };
		9492FC5BAA382C1A54B2143A /* NotificationManagerTests.swift */ = {isa = PBXFileReference; lastKnownFileType = sourcecode.swift; path = NotificationManagerTests.swift; sourceTree = "<group>"; };
		95530C2AB237DCD923169121 /* ZaiProvider.swift */ = {isa = PBXFileReference; lastKnownFileType = sourcecode.swift; path = ZaiProvider.swift; sourceTree = "<group>"; };
		98C9158286A96E0D12EF1C6D /* TimeFormatterTests.swift */ = {isa = PBXFileReference; lastKnownFileType = sourcecode.swift; path = TimeFormatterTests.swift; sourceTree = "<group>"; };
		98CF57FDC73CB5839DFAE561 /* QuotaWatch.app */ = {isa = PBXFileReference; explicitFileType = wrapper.application; includeInIndex = 0; path = QuotaWatch.app; sourceTree = BUILT_PRODUCTS_DIR; };
		9A0FF71040DBDFAF8CEDEAC2 /* AppState.swift */ = {isa = PBXFileReference; lastKnownFileType = sourcecode.swift; path = AppState.swift; sourceTree = "<group>"; };
		9A1B2C3D4E5F67890ABCDEF /* AppSettingsTests.swift */ = {isa = PBXFileReference; lastKnownFileType = sourcecode.swift; path = AppSettingsTests.swift; sourceTree = "<group>"; };
		A477064C7DA7510D89D89717 /* QuotaEngineRunLoopTests.swift */ = {isa = PBXFileReference; lastKnownFileType = sourcecode.swift; path = QuotaEngineRunLoopTests.swift; sourceTree = "<group>"; };
		A548E70E2C864393B57BB96E /* SettingsView.swift */ = {isa = PBXFileReference; lastKnownFileType = sourcecode.swift; path = SettingsView.swift; sourceTree = "<group>"; };
		A8E7010C302908F9B1559BBD /* UsageSnapshot.swift */ = {isa = PBXFileReference; lastKnownFileType = sourcecode.swift; path = UsageSnapshot.swift; sourceTree = "<group>"; };
		A94D7B4630B5FE77C49638C6 /* MockQuotaEngine.swift */ = {isa = PBXFileReference; lastKnownFileType = sourcecode.swift; path = QuotaWatchTests/Helpers/MockQuotaEngine.swift; sourceTree = "<group>"; };
		B064591AAE2355CCA319412F /* ResetNotifier.swift */ = {isa = PBXFileReference; lastKnownFileType = sourcecode.swift; path = ResetNotifier.swift; sourceTree = "<group>"; };
		B6740B4863A79219FF9807EE /* EngineStateTests.swift */ = {isa = PBXFileReference; lastKnownFileType = sourcecode.swift; path = EngineStateTests.swift; sourceTree = "<group>"; };
		B84EC1BAEA92871ACC4886F5 /* BackoffDecision.swift */ = {isa = PBXFileReference; lastKnownFileType = sourcecode.swift; path = BackoffDecision.swift; sourceTree = "<group>"; };
		C3B8D9E5F4A617289C4D5E63 /* ColorExtensions.swift */ = {isa = PBXFileReference; lastKnownFileType = sourcecode.swift; path = ColorExtensions.swift; sourceTree = "<group>"; };
		CBFD2DDB6217F8310475BF29 /* QuotaEngineBackoffTests.swift */ = {isa = PBXFileReference; lastKnownFileType = sourcecode.swift; path = QuotaEngineBackoffTests.swift; sourceTree = "<group>"; };
		D70A7DDA3CB92446D2C299C2 /* UsageSnapshotTests.swift */ = {isa = PBXFileReference; lastKnownFileType = sourcecode.swift; path = UsageSnapshotTests.swift; sourceTree = "<group>"; };
		D876A7EE8D651909AD6EEF61 /* QuotaWatchApp.swift */ = {isa = PBXFileReference; lastKnownFileType = sourcecode.swift; path = QuotaWatchApp.swift; sourceTree = "<group>"; };
		E34F5DB67BDD636763F2A294 /* KeychainStore.swift */ = {isa = PBXFileReference; lastKnownFileType = sourcecode.swift; path = KeychainStore.swift; sourceTree = "<group>"; };
		E8D463EFDC164E6E8A3E8D48 /* SecondaryQuotaView.swift */ = {isa = PBXFileReference; lastKnownFileType = sourcecode.swift; path = SecondaryQuotaView.swift; sourceTree = "<group>"; };
		EF26D3EAE3AC08B9488B2154 /* QuotaWatchTests.xctest */ = {isa = PBXFileReference; explicitFileType = wrapper.cfbundle; includeInIndex = 0; path = QuotaWatchTests.xctest; sourceTree = BUILT_PRODUCTS_DIR; };
		EF4BDB131EA8F90042AA88B0 /* QuotaEngine.swift */ = {isa = PBXFileReference; lastKnownFileType = sourcecode.swift; path = QuotaEngine.swift; sourceTree = "<group>"; };
		F640ED5CE98794ECBC416955 /* ContentViewModelTests.swift */ = {isa = PBXFileReference; lastKnownFileType = sourcecode.swift; path = ContentViewModelTests.swift; sourceTree = "<group>"; };
		F8A1B2C3D4E5F67890ABCDEF /* DebugLogger.swift */ = {isa = PBXFileReference; lastKnownFileType = sourcecode.swift; path = DebugLogger.swift; sourceTree = "<group>"; };
		F9A1B2C3D4E5F67890ABCDEF0 /* QuotaEngineEvent.swift */ = {isa = PBXFileReference; lastKnownFileType = sourcecode.swift; path = QuotaEngineEvent.swift; sourceTree = "<group>"; };
/* End PBXFileReference section */

/* Begin PBXGroup section */
		013CC356DC1C4DC0F62AC204 = {
			isa = PBXGroup;
			children = (
				B5A0B934777202F842F1FC46 /* QuotaWatch */,
				10EB4A4742B4137236AB9CFD /* QuotaWatchTests */,
				FD566E86643CFA5FDC000C88 /* Products */,
			);
			sourceTree = "<group>";
		};
		0600DAE6697D9092D3B51F7F /* Providers */ = {
			isa = PBXGroup;
			children = (
				B84EC1BAEA92871ACC4886F5 /* BackoffDecision.swift */,
				5F2B18E2AABE4513981EDF0B /* Provider.swift */,
				5859B5E242756C194F88349C /* ProviderError.swift */,
				95530C2AB237DCD923169121 /* ZaiProvider.swift */,
			);
			path = Providers;
			sourceTree = "<group>";
		};
		06CCCD9C8A901D9FA60A116F /* Helpers */ = {
			isa = PBXGroup;
			children = (
				A94D7B4630B5FE77C49638C6 /* MockQuotaEngine.swift */,
			);
			path = QuotaWatchTests/Helpers;
			sourceTree = "<group>";
		};
		10EB4A4742B4137236AB9CFD /* QuotaWatchTests */ = {
			isa = PBXGroup;
			children = (
				77AF032198079B03D6BAD5D8 /* Info.plist */,
				3546B1747CA1F380715427BB /* Helpers */,
				AD69CEC7528DD00C14F923B9 /* Managers */,
				F42DFA1EB2F45BAE92106AA2 /* Models */,
				EB522D17D056F7A5D89F9936 /* Providers */,
				D085335F820D434D2E6BDC3E /* Stores */,
				39E7781ED5FAA1071193AD47 /* Utils */,
				E4853718E21672B74B2BCFD9 /* ViewModels */,
				6AAFC47E2F1E277A00A022F2 /* Integration */,
			);
			path = QuotaWatchTests;
			sourceTree = "<group>";
		};
		2709B3D7EF05695939321623 /* Utils */ = {
			isa = PBXGroup;
			children = (
				1A2B3C4D5E6F7890ABCDEF02 /* AppDelegate.swift */,
				3975009681D07503388A7700 /* AppConstants.swift */,
				C3B8D9E5F4A617289C4D5E63 /* ColorExtensions.swift */,
				714AF4121F8B4680B9592EE2 /* QuotaGauge.swift */,
				562BAE5AE690A4D7CE483938 /* TimeFormatter.swift */,
				86AD3A993D554B4CB5E28B69 /* LoggerManager.swift */,
				F8A1B2C3D4E5F67890ABCDEF /* DebugLogger.swift */,
				10BC8ADB3B184850B8C31BE4 /* OnboardingManager.swift */,
				7A9B2C3D4E5F67890ABCDEF12 /* MenuBarController.swift */,
				7A9B2C3D4E5F67890ABCDEF13 /* MenuBarDonutIcon.swift */,
			);
			path = Utils;
			sourceTree = "<group>";
		};
		3546B1747CA1F380715427BB /* Helpers */ = {
			isa = PBXGroup;
			children = (
				7224E17B2A0B81D84F3FF33D /* MockProvider.swift */,
			);
			path = Helpers;
			sourceTree = "<group>";
		};
		39E7781ED5FAA1071193AD47 /* Utils */ = {
			isa = PBXGroup;
			children = (
				1A2B3C4D5E6F7890ABCDEF01 /* ColorExtensionsTests.swift */,
				D1E2F3A4B5C6D7E8F9012346 /* MenuBarDonutIconTests.swift */,
				98C9158286A96E0D12EF1C6D /* TimeFormatterTests.swift */,
			);
			path = Utils;
			sourceTree = "<group>";
		};
		500309C37ACC2C24661B3538 /* Managers */ = {
			isa = PBXGroup;
			children = (
				3D0CC56CD9E6B0EAF94CBD7D /* NotificationManager.swift */,
				B064591AAE2355CCA319412F /* ResetNotifier.swift */,
			);
			path = Managers;
			sourceTree = "<group>";
		};
		6AAFC47E2F1E277A00A022F2 /* Integration */ = {
			isa = PBXGroup;
			children = (
				6AAFC47C2F1E277A00A022F2 /* EdgeCaseIntegrationTests.swift */,
				6AAFC47D2F1E277A00A022F2 /* SleepWakeIntegrationTests.swift */,
			);
			path = Integration;
			sourceTree = "<group>";
		};
		7E8D54280F5923FDEEAEDA30 /* ViewModels */ = {
			isa = PBXGroup;
			children = (
				31A47F912A225F350900501F /* ContentViewModel.swift */,
			);
			path = ViewModels;
			sourceTree = "<group>";
		};
		AA8BF28402509C84884AC113 /* Models */ = {
			isa = PBXGroup;
			children = (
				9A0FF71040DBDFAF8CEDEAC2 /* AppState.swift */,
				A8E7010C302908F9B1559BBD /* UsageSnapshot.swift */,
				2E2899782C5B4676B50BB2D8 /* AppSettings.swift */,
				F9A1B2C3D4E5F67890ABCDEF0 /* QuotaEngineEvent.swift */,
			);
			path = Models;
			sourceTree = "<group>";
		};
		AD69CEC7528DD00C14F923B9 /* Managers */ = {
			isa = PBXGroup;
			children = (
				9492FC5BAA382C1A54B2143A /* NotificationManagerTests.swift */,
				54272FFC187B1C069D65EB9E /* ResetNotifierTests.swift */,
			);
			path = Managers;
			sourceTree = "<group>";
		};
		B5A0B934777202F842F1FC46 /* QuotaWatch */ = {
			isa = PBXGroup;
			children = (
				4D7D094C9F4D41317224B398 /* Assets.xcassets */,
				0FA39B39C6BE30DFB3643E8F /* Info.plist */,
				883076AE5C0DD6C6140D4E82 /* QuotaWatch.entitlements */,
				D876A7EE8D651909AD6EEF61 /* QuotaWatchApp.swift */,
				E86FEA9C58F9BF9AA0478E11 /* Engine */,
				500309C37ACC2C24661B3538 /* Managers */,
				AA8BF28402509C84884AC113 /* Models */,
				0600DAE6697D9092D3B51F7F /* Providers */,
				BA9CA4CC4448EED19B311E87 /* Stores */,
				2709B3D7EF05695939321623 /* Utils */,
				7E8D54280F5923FDEEAEDA30 /* ViewModels */,
				C1A5615AED574DB58A3C3C14 /* Views */,
			);
			path = QuotaWatch;
			sourceTree = "<group>";
		};
		BA9CA4CC4448EED19B311E87 /* Stores */ = {
			isa = PBXGroup;
			children = (
				E34F5DB67BDD636763F2A294 /* KeychainStore.swift */,
				5CE1D301D0A84ACF4002B3AE /* PersistenceManager.swift */,
			);
			path = Stores;
			sourceTree = "<group>";
		};
		C1A5615AED574DB58A3C3C14 /* Views */ = {
			isa = PBXGroup;
			children = (
				0B1681A9E15047A7A927D11A1637FACB /* APIKeySettingsSheet.swift */,
				13020F9E19D446CD962EE97A /* HeaderView.swift */,
				361194A1220C4490AFEF48D8 /* StatusView.swift */,
				83E965985994437FAE92563C /* PrimaryQuotaView.swift */,
				E8D463EFDC164E6E8A3E8D48 /* SecondaryQuotaView.swift */,
				0D4508D7D30A4879896F5DEF /* ActionsView.swift */,
				A548E70E2C864393B57BB96E /* SettingsView.swift */,
				4F8E7C3FF5FA421EA04A464F /* OnboardingView.swift */,
				4A5B6C7D8E9F0A1B2C3D4E5A /* MenuBarPopupView.swift */,
			);
			path = Views;
			sourceTree = "<group>";
		};
		D085335F820D434D2E6BDC3E /* Stores */ = {
			isa = PBXGroup;
			children = (
				72BB3FC6F6B1CE1A587A75A7 /* KeychainStoreTests.swift */,
				6FD7A1E13AC807A355D8CE5A /* PersistenceManagerTests.swift */,
			);
			path = Stores;
			sourceTree = "<group>";
		};
		E4853718E21672B74B2BCFD9 /* ViewModels */ = {
			isa = PBXGroup;
			children = (
				F640ED5CE98794ECBC416955 /* ContentViewModelTests.swift */,
			);
			path = ViewModels;
			sourceTree = "<group>";
		};
		E86FEA9C58F9BF9AA0478E11 /* Engine */ = {
			isa = PBXGroup;
			children = (
				EF4BDB131EA8F90042AA88B0 /* QuotaEngine.swift */,
			);
			path = Engine;
			sourceTree = "<group>";
		};
		EB522D17D056F7A5D89F9936 /* Providers */ = {
			isa = PBXGroup;
			children = (
				03084E81161F967B5B48ED5E /* ZaiProviderTests.swift */,
			);
			path = Providers;
			sourceTree = "<group>";
		};
		F42DFA1EB2F45BAE92106AA2 /* Models */ = {
			isa = PBXGroup;
			children = (
				9A1B2C3D4E5F67890ABCDEF /* AppSettingsTests.swift */,
				448E3DE91DB622191DA7A505 /* AppStateTests.swift */,
				B6740B4863A79219FF9807EE /* EngineStateTests.swift */,
				CBFD2DDB6217F8310475BF29 /* QuotaEngineBackoffTests.swift */,
				A477064C7DA7510D89D89717 /* QuotaEngineRunLoopTests.swift */,
				D70A7DDA3CB92446D2C299C2 /* UsageSnapshotTests.swift */,
			);
			path = Models;
			sourceTree = "<group>";
		};
		FD566E86643CFA5FDC000C88 /* Products */ = {
			isa = PBXGroup;
			children = (
				98CF57FDC73CB5839DFAE561 /* QuotaWatch.app */,
				EF26D3EAE3AC08B9488B2154 /* QuotaWatchTests.xctest */,
			);
			name = Products;
			sourceTree = "<group>";
		};
/* End PBXGroup section */

/* Begin PBXNativeTarget section */
		17B498EB577962CEF891DE5C /* QuotaWatch */ = {
			isa = PBXNativeTarget;
			buildConfigurationList = 642C1B0B847C70F28DEAC122 /* Build configuration list for PBXNativeTarget "QuotaWatch" */;
			buildPhases = (
				6839C19137D53BC76BDC30C6 /* Sources */,
				22D5CFEBE93B808A0460C596 /* Resources */,
			);
			buildRules = (
			);
			dependencies = (
			);
			name = QuotaWatch;
			packageProductDependencies = (
			);
			productName = QuotaWatch;
			productReference = 98CF57FDC73CB5839DFAE561 /* QuotaWatch.app */;
			productType = "com.apple.product-type.application";
		};
		195F2600A3B795C7BBE1BB0A /* QuotaWatchTests */ = {
			isa = PBXNativeTarget;
			buildConfigurationList = 42A221D6FFD59FA6EAD05768 /* Build configuration list for PBXNativeTarget "QuotaWatchTests" */;
			buildPhases = (
				92B107403949B31A34F356B5 /* Sources */,
			);
			buildRules = (
			);
			dependencies = (
				30963DFEBC6145BE13BBE66F /* PBXTargetDependency */,
			);
			name = QuotaWatchTests;
			packageProductDependencies = (
			);
			productName = QuotaWatchTests;
			productReference = EF26D3EAE3AC08B9488B2154 /* QuotaWatchTests.xctest */;
			productType = "com.apple.product-type.bundle.unit-test";
		};
/* End PBXNativeTarget section */

/* Begin PBXProject section */
		948511F7189E30A08069054F /* Project object */ = {
			isa = PBXProject;
			attributes = {
				BuildIndependentTargetsInParallel = YES;
				LastUpgradeCheck = 1430;
			};
			buildConfigurationList = 1F59611B7D72642636F96D86 /* Build configuration list for PBXProject "QuotaWatch" */;
			compatibilityVersion = "Xcode 14.0";
			developmentRegion = en;
			hasScannedForEncodings = 0;
			knownRegions = (
				Base,
				en,
			);
			mainGroup = 013CC356DC1C4DC0F62AC204;
			minimizedProjectReferenceProxies = 1;
			projectDirPath = "";
			projectRoot = "";
			targets = (
				17B498EB577962CEF891DE5C /* QuotaWatch */,
				195F2600A3B795C7BBE1BB0A /* QuotaWatchTests */,
			);
		};
/* End PBXProject section */

/* Begin PBXResourcesBuildPhase section */
		22D5CFEBE93B808A0460C596 /* Resources */ = {
			isa = PBXResourcesBuildPhase;
			buildActionMask = 2147483647;
			files = (
				6F378D55F6655927CF239C91 /* Assets.xcassets in Resources */,
			);
			runOnlyForDeploymentPostprocessing = 0;
		};
/* End PBXResourcesBuildPhase section */

/* Begin PBXSourcesBuildPhase section */
		6839C19137D53BC76BDC30C6 /* Sources */ = {
			isa = PBXSourcesBuildPhase;
			buildActionMask = 2147483647;
			files = (
				E820B42A116A435481D3F308F1913065 /* APIKeySettingsSheet.swift in Sources */,
				174575AEECD4D9FFDBDA18EF /* AppConstants.swift in Sources */,
				B2A7E8F4C3D145A9E8F6D7A1 /* ColorExtensions.swift in Sources */,
				F349A5EC8CAE5FD78063E38B /* AppState.swift in Sources */,
				6C839FAA4328E0139ED459D2 /* BackoffDecision.swift in Sources */,
				B730C1C7BB2D45DAA7C08072 /* ContentViewModel.swift in Sources */,
				6279EC9AB819F8F9EABD8759 /* KeychainStore.swift in Sources */,
				3416C08343FA3571C0DA3E16 /* NotificationManager.swift in Sources */,
				54DD8D9906BD04C481A141E6 /* PersistenceManager.swift in Sources */,
				74ED01155E589D54C90582C8 /* Provider.swift in Sources */,
				A12DFD6E675B04EE1C07EAD1 /* ProviderError.swift in Sources */,
				80F8FF73E83FD09A37C5A573 /* QuotaEngine.swift in Sources */,
				4B06086F20DE6659FCA2227B /* QuotaWatchApp.swift in Sources */,
				CF96AE2DE03C4518AD389F68 /* AppSettings.swift in Sources */,
				E8952BC0E4454C3AA4C082BF /* QuotaGauge.swift in Sources */,
				10059F50738148B98E3A8B91 /* HeaderView.swift in Sources */,
				6221E99F3E5B44E6B36FAC66 /* StatusView.swift in Sources */,
				8ECACE80223F460DB8F9FE02 /* PrimaryQuotaView.swift in Sources */,
				093E54E3C0A343E7B35AC0DE /* SecondaryQuotaView.swift in Sources */,
				63D5620D540147B2B7952B28 /* ActionsView.swift in Sources */,
				A39D5D0F3A2740778CE0AD65 /* SettingsView.swift in Sources */,
				B8323BA6EE748A7975845E13 /* ResetNotifier.swift in Sources */,
				17728FD1C102DD0FA087EB19 /* TimeFormatter.swift in Sources */,
				A444AC373B13252291BBDCD2 /* UsageSnapshot.swift in Sources */,
				D640CCB932A9153444DFDC7A /* ZaiProvider.swift in Sources */,
				C242F9709ACF4B3F8A7645BC /* LoggerManager.swift in Sources */,
				F8A1B2C3D4E5F67890ABCDEF0 /* DebugLogger.swift in Sources */,
				F9A1B2C3D4E5F67890ABCDEF01 /* QuotaEngineEvent.swift in Sources */,
				69A579C33B0B43A28C4B1334 /* OnboardingManager.swift in Sources */,
				2A7873B7F1474DD6BD162EB6 /* OnboardingView.swift in Sources */,
				3B5D6E8F9A0B1234C5D6E78F /* MenuBarController.swift in Sources */,
				3B5D6E8F9A0B1234C5D6E790 /* MenuBarDonutIcon.swift in Sources */,
				4A5B6C7D8E9F0A1B2C3D4E5F6 /* AppDelegate.swift in Sources */,
				5C6D7E8F9A0B1234C5D6E790 /* MenuBarPopupView.swift in Sources */,
			);
			runOnlyForDeploymentPostprocessing = 0;
		};
		92B107403949B31A34F356B5 /* Sources */ = {
			isa = PBXSourcesBuildPhase;
			buildActionMask = 2147483647;
			files = (
				2B3C4D5E6F7890ABCDEF0123 /* AppSettingsTests.swift in Sources */,
				A2C7F17388522E37E438A361 /* AppStateTests.swift in Sources */,
				A8AFBD7E3A881A115633524B /* ContentViewModelTests.swift in Sources */,
				3AD03AAF39EAF58AA6D6AEF7 /* EngineStateTests.swift in Sources */,
				EEBD9834915593F61EC0CE26 /* KeychainStoreTests.swift in Sources */,
				513FEF2F84F31AC0C9F7DABF /* MockProvider.swift in Sources */,
				6AAFC47F2F1E277A00A022F2 /* EdgeCaseIntegrationTests.swift in Sources */,
				6AAFC4802F1E277A00A022F2 /* SleepWakeIntegrationTests.swift in Sources */,
				FB57CEF1224A44DC1B5B9A52 /* MockQuotaEngine.swift in Sources */,
				30BFE1620316C507038F55DC /* NotificationManagerTests.swift in Sources */,
				6A84EBA5771278B4B94B0D56 /* PersistenceManagerTests.swift in Sources */,
				2DE7AA584A85EA6F2B731A89 /* QuotaEngineBackoffTests.swift in Sources */,
				037C2EC36038748A007836E6 /* QuotaEngineRunLoopTests.swift in Sources */,
				20071470962310EFA91B7B87 /* ResetNotifierTests.swift in Sources */,
				20C327694551A526DC696074 /* TimeFormatterTests.swift in Sources */,
				6B7B5A1CE785E84BCE718B7D /* UsageSnapshotTests.swift in Sources */,
				E6ECD1333158E07B12105BC1 /* ZaiProviderTests.swift in Sources */,
				3C4D5E6F7890ABCDEF01234A /* ColorExtensionsTests.swift in Sources */,
			D1E2F3A4B5C6D7E8F9012345 /* MenuBarDonutIconTests.swift in Sources */,
			);
			runOnlyForDeploymentPostprocessing = 0;
		};
/* End PBXSourcesBuildPhase section */

/* Begin PBXTargetDependency section */
		30963DFEBC6145BE13BBE66F /* PBXTargetDependency */ = {
			isa = PBXTargetDependency;
			target = 17B498EB577962CEF891DE5C /* QuotaWatch */;
			targetProxy = 09D096AA1AFF612E1B07B349 /* PBXContainerItemProxy */;
		};
/* End PBXTargetDependency section */

/* Begin XCBuildConfiguration section */
		18DE72AA88C5D6E93B251122 /* Release */ = {
			isa = XCBuildConfiguration;
			buildSettings = {
				ASSETCATALOG_COMPILER_APPICON_NAME = AppIcon;
				CODE_SIGN_ENTITLEMENTS = QuotaWatch/QuotaWatch.entitlements;
				CODE_SIGN_IDENTITY = "Apple Development";
				CODE_SIGN_STYLE = Automatic;
				COMBINE_HIDPI_IMAGES = YES;
				CURRENT_PROJECT_VERSION = 2;
				DEVELOPMENT_TEAM = QL8AL27FC9;
				ENABLE_APP_SANDBOX = NO;
				ENABLE_PREVIEWS = YES;
				INFOPLIST_FILE = QuotaWatch/Info.plist;
				LD_RUNPATH_SEARCH_PATHS = (
					"$(inherited)",
					"@executable_path/../Frameworks",
				);
				MACOSX_DEPLOYMENT_TARGET = 26.2;
				MARKETING_VERSION = 0.1.1;
				PRODUCT_BUNDLE_IDENTIFIER = com.quotawatch.QuotaWatch;
				PROVISIONING_PROFILE_SPECIFIER = "";
				SDKROOT = macosx;
				SWIFT_VERSION = 6.0;
			};
			name = Release;
		};
		7FC8696B959F27098A48E039 /* Release */ = {
			isa = XCBuildConfiguration;
			buildSettings = {
				BUNDLE_LOADER = "$(TEST_HOST)";
				CODE_SIGN_IDENTITY = "Apple Development";
				CODE_SIGN_STYLE = Manual;
				COMBINE_HIDPI_IMAGES = YES;
				DEVELOPMENT_TEAM = "";
				INFOPLIST_FILE = QuotaWatchTests/Info.plist;
				LD_RUNPATH_SEARCH_PATHS = (
					"$(inherited)",
					"@executable_path/../Frameworks",
					"@loader_path/../Frameworks",
				);
				MACOSX_DEPLOYMENT_TARGET = 26.2;
				PRODUCT_BUNDLE_IDENTIFIER = com.quotawatch.QuotaWatchTests;
				PROVISIONING_PROFILE_SPECIFIER = "";
				SDKROOT = macosx;
				SWIFT_VERSION = 6.0;
				TEST_HOST = "$(BUILT_PRODUCTS_DIR)/QuotaWatch.app/Contents/MacOS/QuotaWatch";
			};
			name = Release;
		};
		8E890B4D745701DB56C19ABD /* Debug */ = {
			isa = XCBuildConfiguration;
			buildSettings = {
				ALWAYS_SEARCH_USER_PATHS = NO;
				CLANG_ANALYZER_NONNULL = YES;
				CLANG_ANALYZER_NUMBER_OBJECT_CONVERSION = YES_AGGRESSIVE;
				CLANG_CXX_LANGUAGE_STANDARD = "gnu++14";
				CLANG_CXX_LIBRARY = "libc++";
				CLANG_ENABLE_MODULES = YES;
				CLANG_ENABLE_OBJC_ARC = YES;
				CLANG_ENABLE_OBJC_WEAK = YES;
				CLANG_WARN_BLOCK_CAPTURE_AUTORELEASING = YES;
				CLANG_WARN_BOOL_CONVERSION = YES;
				CLANG_WARN_COMMA = YES;
				CLANG_WARN_CONSTANT_CONVERSION = YES;
				CLANG_WARN_DEPRECATED_OBJC_IMPLEMENTATIONS = YES;
				CLANG_WARN_DIRECT_OBJC_ISA_USAGE = YES_ERROR;
				CLANG_WARN_DOCUMENTATION_COMMENTS = YES;
				CLANG_WARN_EMPTY_BODY = YES;
				CLANG_WARN_ENUM_CONVERSION = YES;
				CLANG_WARN_INFINITE_RECURSION = YES;
				CLANG_WARN_INT_CONVERSION = YES;
				CLANG_WARN_NON_LITERAL_NULL_CONVERSION = YES;
				CLANG_WARN_OBJC_IMPLICIT_RETAIN_SELF = YES;
				CLANG_WARN_OBJC_LITERAL_CONVERSION = YES;
				CLANG_WARN_OBJC_ROOT_CLASS = YES_ERROR;
				CLANG_WARN_QUOTED_INCLUDE_IN_FRAMEWORK_HEADER = YES;
				CLANG_WARN_RANGE_LOOP_ANALYSIS = YES;
				CLANG_WARN_STRICT_PROTOTYPES = YES;
				CLANG_WARN_SUSPICIOUS_MOVE = YES;
				CLANG_WARN_UNGUARDED_AVAILABILITY = YES_AGGRESSIVE;
				CLANG_WARN_UNREACHABLE_CODE = YES;
				CLANG_WARN__DUPLICATE_METHOD_MATCH = YES;
				COPY_PHASE_STRIP = NO;
				DEBUG_INFORMATION_FORMAT = dwarf;
				ENABLE_STRICT_OBJC_MSGSEND = YES;
				ENABLE_TESTABILITY = YES;
				GCC_C_LANGUAGE_STANDARD = gnu11;
				GCC_DYNAMIC_NO_PIC = NO;
				GCC_NO_COMMON_BLOCKS = YES;
				GCC_OPTIMIZATION_LEVEL = 0;
				GCC_PREPROCESSOR_DEFINITIONS = (
					"$(inherited)",
					"DEBUG=1",
				);
				GCC_WARN_64_TO_32_BIT_CONVERSION = YES;
				GCC_WARN_ABOUT_RETURN_TYPE = YES_ERROR;
				GCC_WARN_UNDECLARED_SELECTOR = YES;
				GCC_WARN_UNINITIALIZED_AUTOS = YES_AGGRESSIVE;
				GCC_WARN_UNUSED_FUNCTION = YES;
				GCC_WARN_UNUSED_VARIABLE = YES;
				MACOSX_DEPLOYMENT_TARGET = 26.2;
				MTL_ENABLE_DEBUG_INFO = INCLUDE_SOURCE;
				MTL_FAST_MATH = YES;
				ONLY_ACTIVE_ARCH = YES;
				PRODUCT_NAME = "$(TARGET_NAME)";
				SDKROOT = macosx;
				SWIFT_ACTIVE_COMPILATION_CONDITIONS = DEBUG;
				SWIFT_OPTIMIZATION_LEVEL = "-Onone";
				SWIFT_VERSION = 5.0;
			};
			name = Debug;
		};
		A601A7B26CEB5225ADC54EDE /* Release */ = {
			isa = XCBuildConfiguration;
			buildSettings = {
				ALWAYS_SEARCH_USER_PATHS = NO;
				CLANG_ANALYZER_NONNULL = YES;
				CLANG_ANALYZER_NUMBER_OBJECT_CONVERSION = YES_AGGRESSIVE;
				CLANG_CXX_LANGUAGE_STANDARD = "gnu++14";
				CLANG_CXX_LIBRARY = "libc++";
				CLANG_ENABLE_MODULES = YES;
				CLANG_ENABLE_OBJC_ARC = YES;
				CLANG_ENABLE_OBJC_WEAK = YES;
				CLANG_WARN_BLOCK_CAPTURE_AUTORELEASING = YES;
				CLANG_WARN_BOOL_CONVERSION = YES;
				CLANG_WARN_COMMA = YES;
				CLANG_WARN_CONSTANT_CONVERSION = YES;
				CLANG_WARN_DEPRECATED_OBJC_IMPLEMENTATIONS = YES;
				CLANG_WARN_DIRECT_OBJC_ISA_USAGE = YES_ERROR;
				CLANG_WARN_DOCUMENTATION_COMMENTS = YES;
				CLANG_WARN_EMPTY_BODY = YES;
				CLANG_WARN_ENUM_CONVERSION = YES;
				CLANG_WARN_INFINITE_RECURSION = YES;
				CLANG_WARN_INT_CONVERSION = YES;
				CLANG_WARN_NON_LITERAL_NULL_CONVERSION = YES;
				CLANG_WARN_OBJC_IMPLICIT_RETAIN_SELF = YES;
				CLANG_WARN_OBJC_LITERAL_CONVERSION = YES;
				CLANG_WARN_OBJC_ROOT_CLASS = YES_ERROR;
				CLANG_WARN_QUOTED_INCLUDE_IN_FRAMEWORK_HEADER = YES;
				CLANG_WARN_RANGE_LOOP_ANALYSIS = YES;
				CLANG_WARN_STRICT_PROTOTYPES = YES;
				CLANG_WARN_SUSPICIOUS_MOVE = YES;
				CLANG_WARN_UNGUARDED_AVAILABILITY = YES_AGGRESSIVE;
				CLANG_WARN_UNREACHABLE_CODE = YES;
				CLANG_WARN__DUPLICATE_METHOD_MATCH = YES;
				COPY_PHASE_STRIP = NO;
				DEBUG_INFORMATION_FORMAT = "dwarf-with-dsym";
				ENABLE_NS_ASSERTIONS = NO;
				ENABLE_STRICT_OBJC_MSGSEND = YES;
				GCC_C_LANGUAGE_STANDARD = gnu11;
				GCC_NO_COMMON_BLOCKS = YES;
				GCC_WARN_64_TO_32_BIT_CONVERSION = YES;
				GCC_WARN_ABOUT_RETURN_TYPE = YES_ERROR;
				GCC_WARN_UNDECLARED_SELECTOR = YES;
				GCC_WARN_UNINITIALIZED_AUTOS = YES_AGGRESSIVE;
				GCC_WARN_UNUSED_FUNCTION = YES;
				GCC_WARN_UNUSED_VARIABLE = YES;
				MACOSX_DEPLOYMENT_TARGET = 26.2;
				MTL_ENABLE_DEBUG_INFO = NO;
				MTL_FAST_MATH = YES;
				PRODUCT_NAME = "$(TARGET_NAME)";
				SDKROOT = macosx;
				SWIFT_COMPILATION_MODE = wholemodule;
				SWIFT_OPTIMIZATION_LEVEL = "-O";
				SWIFT_VERSION = 5.0;
			};
			name = Release;
		};
		F4BB11480037C7E3B7850A70 /* Debug */ = {
			isa = XCBuildConfiguration;
			buildSettings = {
				ASSETCATALOG_COMPILER_APPICON_NAME = AppIcon;
				CODE_SIGN_ENTITLEMENTS = QuotaWatch/QuotaWatch.entitlements;
				CODE_SIGN_IDENTITY = "Apple Development";
				CODE_SIGN_STYLE = Automatic;
				COMBINE_HIDPI_IMAGES = YES;
				CURRENT_PROJECT_VERSION = 2;
				DEVELOPMENT_TEAM = QL8AL27FC9;
				ENABLE_APP_SANDBOX = NO;
				ENABLE_PREVIEWS = YES;
				INFOPLIST_FILE = QuotaWatch/Info.plist;
				LD_RUNPATH_SEARCH_PATHS = (
					"$(inherited)",
					"@executable_path/../Frameworks",
				);
				MACOSX_DEPLOYMENT_TARGET = 26.2;
				MARKETING_VERSION = 0.1.1;
				PRODUCT_BUNDLE_IDENTIFIER = com.quotawatch.QuotaWatch;
				PROVISIONING_PROFILE_SPECIFIER = "";
				SDKROOT = macosx;
				SWIFT_VERSION = 6.0;
			};
			name = Debug;
		};
		FFCD9EB5DF1F9520F0E1051B /* Debug */ = {
			isa = XCBuildConfiguration;
			buildSettings = {
				BUNDLE_LOADER = "$(TEST_HOST)";
				COMBINE_HIDPI_IMAGES = YES;
				INFOPLIST_FILE = QuotaWatchTests/Info.plist;
				LD_RUNPATH_SEARCH_PATHS = (
					"$(inherited)",
					"@executable_path/../Frameworks",
					"@loader_path/../Frameworks",
				);
				MACOSX_DEPLOYMENT_TARGET = 26.2;
				PRODUCT_BUNDLE_IDENTIFIER = com.quotawatch.QuotaWatchTests;
				SDKROOT = macosx;
				SWIFT_VERSION = 6.0;
				TEST_HOST = "$(BUILT_PRODUCTS_DIR)/QuotaWatch.app/Contents/MacOS/QuotaWatch";
			};
			name = Debug;
		};
/* End XCBuildConfiguration section */

/* Begin XCConfigurationList section */
		1F59611B7D72642636F96D86 /* Build configuration list for PBXProject "QuotaWatch" */ = {
			isa = XCConfigurationList;
			buildConfigurations = (
				8E890B4D745701DB56C19ABD /* Debug */,
				A601A7B26CEB5225ADC54EDE /* Release */,
			);
			defaultConfigurationIsVisible = 0;
			defaultConfigurationName = Debug;
		};
		42A221D6FFD59FA6EAD05768 /* Build configuration list for PBXNativeTarget "QuotaWatchTests" */ = {
			isa = XCConfigurationList;
			buildConfigurations = (
				FFCD9EB5DF1F9520F0E1051B /* Debug */,
				7FC8696B959F27098A48E039 /* Release */,
			);
			defaultConfigurationIsVisible = 0;
			defaultConfigurationName = Debug;
		};
		642C1B0B847C70F28DEAC122 /* Build configuration list for PBXNativeTarget "QuotaWatch" */ = {
			isa = XCConfigurationList;
			buildConfigurations = (
				F4BB11480037C7E3B7850A70 /* Debug */,
				18DE72AA88C5D6E93B251122 /* Release */,
			);
			defaultConfigurationIsVisible = 0;
			defaultConfigurationName = Debug;
		};
/* End XCConfigurationList section */
	};
	rootObject = 948511F7189E30A08069054F /* Project object */;
}
